
Microsoft Visual Studio Solution File, Format Version 12.00
# Visual Studio Version 17
VisualStudioVersion = 17.0.32014.148
MinimumVisualStudioVersion = 10.0.40219.1
Project("{9A19103F-16F7-4668-BE54-9A1E7A4F7556}") = "MyDemo", "MyDemo\MyDemo.csproj", "{893435EF-1B90-4E49-A795-C27A2785C1D3}"
EndProject
Project("{FAE04EC0-301F-11D3-BF4B-00C04F79EFBC}") = "MyDemo.Tests", "MyDemo.Tests\MyDemo.Tests.csproj", "{9F63372F-B6A3-4694-A2A3-20E8555BB3D5}"
EndProject
Global
	GlobalSection(SolutionConfigurationPlatforms) = preSolution
		Debug|Any CPU = Debug|Any CPU
		Release|Any CPU = Release|Any CPU
	EndGlobalSection
	GlobalSection(ProjectConfigurationPlatforms) = postSolution
		{893435EF-1B90-4E49-A795-C27A2785C1D3}.Debug|Any CPU.ActiveCfg = Debug|Any CPU
		{893435EF-1B90-4E49-A795-C27A2785C1D3}.Debug|Any CPU.Build.0 = Debug|Any CPU
		{893435EF-1B90-4E49-A795-C27A2785C1D3}.Release|Any CPU.ActiveCfg = Release|Any CPU
		{893435EF-1B90-4E49-A795-C27A2785C1D3}.Release|Any CPU.Build.0 = Release|Any CPU
		{9F63372F-B6A3-4694-A2A3-20E8555BB3D5}.Debug|Any CPU.ActiveCfg = Debug|Any CPU
		{9F63372F-B6A3-4694-A2A3-20E8555BB3D5}.Debug|Any CPU.Build.0 = Debug|Any CPU
		{9F63372F-B6A3-4694-A2A3-20E8555BB3D5}.Release|Any CPU.ActiveCfg = Release|Any CPU
		{9F63372F-B6A3-4694-A2A3-20E8555BB3D5}.Release|Any CPU.Build.0 = Release|Any CPU
	EndGlobalSection
	GlobalSection(SolutionProperties) = preSolution
		HideSolutionNode = FALSE
	EndGlobalSection
	GlobalSection(ExtensibilityGlobals) = postSolution
		SolutionGuid = {1630BD1C-532E-4A4B-97A1-89650948AF26}
	EndGlobalSection
EndGlobal
